
Microsoft Visual Studio Solution File, Format Version 12.00
# Visual Studio Version 17
VisualStudioVersion = 17.5.33530.505
MinimumVisualStudioVersion = 10.0.40219.1
Project("{FAE04EC0-301F-11D3-BF4B-00C04F79EFBC}") = "Shoponline.Web", "Shoponline.Web\Shoponline.Web.csproj", "{861DECCB-FD60-4C15-B56C-46ABD4ACA388}"
EndProject
Project("{FAE04EC0-301F-11D3-BF4B-00C04F79EFBC}") = "ShopOnline.Api", "ShopOnline.Api\ShopOnline.Api.csproj", "{A20CD927-C47D-4D64-9501-8DE49D09723B}"
EndProject
Project("{FAE04EC0-301F-11D3-BF4B-00C04F79EFBC}") = "ShopOnline.Models", "ShopOnline.Models\ShopOnline.Models.csproj", "{A2055347-1B81-4B0A-8BB2-4D2CD4CFD2B1}"
EndProject
Global
	GlobalSection(SolutionConfigurationPlatforms) = preSolution
		Debug|Any CPU = Debug|Any CPU
		Release|Any CPU = Release|Any CPU
	EndGlobalSection
	GlobalSection(ProjectConfigurationPlatforms) = postSolution
		{861DECCB-FD60-4C15-B56C-46ABD4ACA388}.Debug|Any CPU.ActiveCfg = Debug|Any CPU
		{861DECCB-FD60-4C15-B56C-46ABD4ACA388}.Debug|Any CPU.Build.0 = Debug|Any CPU
		{861DECCB-FD60-4C15-B56C-46ABD4ACA388}.Release|Any CPU.ActiveCfg = Release|Any CPU
		{861DECCB-FD60-4C15-B56C-46ABD4ACA388}.Release|Any CPU.Build.0 = Release|Any CPU
		{A20CD927-C47D-4D64-9501-8DE49D09723B}.Debug|Any CPU.ActiveCfg = Debug|Any CPU
		{A20CD927-C47D-4D64-9501-8DE49D09723B}.Debug|Any CPU.Build.0 = Debug|Any CPU
		{A20CD927-C47D-4D64-9501-8DE49D09723B}.Release|Any CPU.ActiveCfg = Release|Any CPU
		{A20CD927-C47D-4D64-9501-8DE49D09723B}.Release|Any CPU.Build.0 = Release|Any CPU
		{A2055347-1B81-4B0A-8BB2-4D2CD4CFD2B1}.Debug|Any CPU.ActiveCfg = Debug|Any CPU
		{A2055347-1B81-4B0A-8BB2-4D2CD4CFD2B1}.Debug|Any CPU.Build.0 = Debug|Any CPU
		{A2055347-1B81-4B0A-8BB2-4D2CD4CFD2B1}.Release|Any CPU.ActiveCfg = Release|Any CPU
		{A2055347-1B81-4B0A-8BB2-4D2CD4CFD2B1}.Release|Any CPU.Build.0 = Release|Any CPU
	EndGlobalSection
	GlobalSection(SolutionProperties) = preSolution
		HideSolutionNode = FALSE
	EndGlobalSection
	GlobalSection(ExtensibilityGlobals) = postSolution
		SolutionGuid = {0ADDBD4A-A75F-4945-8590-5E5D0AC03E0A}
	EndGlobalSection
EndGlobal
